
Microsoft Visual Studio Solution File, Format Version 12.00
# Visual Studio Version 16
VisualStudioVersion = 16.0.30114.105
MinimumVisualStudioVersion = 10.0.40219.1
Project("{FAE04EC0-301F-11D3-BF4B-00C04F79EFBC}") = "Midterm", "Midterm.csproj", "{365D7EEE-9C11-49B0-A540-171768B6BD99}"
EndProject
Global
	GlobalSection(SolutionConfigurationPlatforms) = preSolution
		Debug|Any CPU = Debug|Any CPU
		Release|Any CPU = Release|Any CPU
	EndGlobalSection
	GlobalSection(ProjectConfigurationPlatforms) = postSolution
		{365D7EEE-9C11-49B0-A540-171768B6BD99}.Debug|Any CPU.ActiveCfg = Debug|Any CPU
		{365D7EEE-9C11-49B0-A540-171768B6BD99}.Debug|Any CPU.Build.0 = Debug|Any CPU
		{365D7EEE-9C11-49B0-A540-171768B6BD99}.Release|Any CPU.ActiveCfg = Release|Any CPU
		{365D7EEE-9C11-49B0-A540-171768B6BD99}.Release|Any CPU.Build.0 = Release|Any CPU
	EndGlobalSection
	GlobalSection(SolutionProperties) = preSolution
		HideSolutionNode = FALSE
	EndGlobalSection
	GlobalSection(ExtensibilityGlobals) = postSolution
		SolutionGuid = {9E1032B5-5CAB-49BE-9474-64E317C4DE9F}
	EndGlobalSection
EndGlobal
